
Microsoft Visual Studio Solution File, Format Version 12.00
# Visual Studio Version 16
VisualStudioVersion = 16.0.29609.76
MinimumVisualStudioVersion = 10.0.40219.1
Project("{9A19103F-16F7-4668-BE54-9A1E7A4F7556}") = "SiteMaps.NET", "SiteMaps.NET.csproj", "{3B09481B-0738-4CF6-ADFC-1E1CF47F9C5C}"
EndProject
Global
	GlobalSection(SolutionConfigurationPlatforms) = preSolution
		Debug|Any CPU = Debug|Any CPU
		Release|Any CPU = Release|Any CPU
	EndGlobalSection
	GlobalSection(ProjectConfigurationPlatforms) = postSolution
		{3B09481B-0738-4CF6-ADFC-1E1CF47F9C5C}.Debug|Any CPU.ActiveCfg = Debug|Any CPU
		{3B09481B-0738-4CF6-ADFC-1E1CF47F9C5C}.Debug|Any CPU.Build.0 = Debug|Any CPU
		{3B09481B-0738-4CF6-ADFC-1E1CF47F9C5C}.Release|Any CPU.ActiveCfg = Release|Any CPU
		{3B09481B-0738-4CF6-ADFC-1E1CF47F9C5C}.Release|Any CPU.Build.0 = Release|Any CPU
	EndGlobalSection
	GlobalSection(SolutionProperties) = preSolution
		HideSolutionNode = FALSE
	EndGlobalSection
	GlobalSection(ExtensibilityGlobals) = postSolution
		SolutionGuid = {A52E6B0B-A8F0-4893-B7A0-52E37975B588}
	EndGlobalSection
EndGlobal
